
Microsoft Visual Studio Solution File, Format Version 12.00
# Blend for Visual Studio Version 17
VisualStudioVersion = 17.10.35027.167
MinimumVisualStudioVersion = 10.0.40219.1
Project("{9A19103F-16F7-4668-BE54-9A1E7A4F7556}") = "WPF Fluent Control Lib", "WPF Fluent Control Lib.csproj", "{C49B0B7B-59C9-4AE3-9067-BB9762AE3289}"
EndProject
Global
	GlobalSection(SolutionConfigurationPlatforms) = preSolution
		Debug|Any CPU = Debug|Any CPU
		Release|Any CPU = Release|Any CPU
	EndGlobalSection
	GlobalSection(ProjectConfigurationPlatforms) = postSolution
		{C49B0B7B-59C9-4AE3-9067-BB9762AE3289}.Debug|Any CPU.ActiveCfg = Debug|Any CPU
		{C49B0B7B-59C9-4AE3-9067-BB9762AE3289}.Debug|Any CPU.Build.0 = Debug|Any CPU
		{C49B0B7B-59C9-4AE3-9067-BB9762AE3289}.Release|Any CPU.ActiveCfg = Release|Any CPU
		{C49B0B7B-59C9-4AE3-9067-BB9762AE3289}.Release|Any CPU.Build.0 = Release|Any CPU
	EndGlobalSection
	GlobalSection(SolutionProperties) = preSolution
		HideSolutionNode = FALSE
	EndGlobalSection
	GlobalSection(ExtensibilityGlobals) = postSolution
		SolutionGuid = {42EA0015-E5A5-42ED-8313-5E93C460D714}
	EndGlobalSection
EndGlobal
